
Microsoft Visual Studio Solution File, Format Version 12.00
# Visual Studio 14
VisualStudioVersion = 14.0.25123.0
MinimumVisualStudioVersion = 10.0.40219.1
Project("{8BC9CEB8-8B4A-11D0-8D11-00A0C91BC942}") = "RealTournament", "RealTournament\RealTournament.vcxproj", "{D4385DDA-6578-4259-A35A-0A2D9C746E72}"
	ProjectSection(ProjectDependencies) = postProject
		{9DF93F16-3856-42F0-BF63-CB9162E1F467} = {9DF93F16-3856-42F0-BF63-CB9162E1F467}
		{B17B9116-AFA2-4D56-B791-C95F2F75214B} = {B17B9116-AFA2-4D56-B791-C95F2F75214B}
		{C257E175-629A-42F3-A52A-CEC2D0DBBCF2} = {C257E175-629A-42F3-A52A-CEC2D0DBBCF2}
		{BFD70EB7-B841-46D3-872F-E71BFBA95A58} = {BFD70EB7-B841-46D3-872F-E71BFBA95A58}
		{D3DE9FCC-C429-4E36-A88E-DAC1004F1944} = {D3DE9FCC-C429-4E36-A88E-DAC1004F1944}
		{006360EA-43D5-4C0F-87E2-86DB46E096E2} = {006360EA-43D5-4C0F-87E2-86DB46E096E2}
	EndProjectSection
EndProject
Project("{2150E333-8FDC-42A3-9474-1A3956D46DE8}") = "Engine", "Engine", "{0277B933-F869-4E10-9DCC-9A68B753C0B5}"
EndProject
Project("{8BC9CEB8-8B4A-11D0-8D11-00A0C91BC942}") = "Engine", "Engine\Modules\Engine\Engine.vcxproj", "{C257E175-629A-42F3-A52A-CEC2D0DBBCF2}"
	ProjectSection(ProjectDependencies) = postProject
		{B17B9116-AFA2-4D56-B791-C95F2F75214B} = {B17B9116-AFA2-4D56-B791-C95F2F75214B}
		{BFD70EB7-B841-46D3-872F-E71BFBA95A58} = {BFD70EB7-B841-46D3-872F-E71BFBA95A58}
	EndProjectSection
EndProject
Project("{8BC9CEB8-8B4A-11D0-8D11-00A0C91BC942}") = "Core", "Engine\Modules\Core\Core.vcxproj", "{B17B9116-AFA2-4D56-B791-C95F2F75214B}"
EndProject
Project("{8BC9CEB8-8B4A-11D0-8D11-00A0C91BC942}") = "Resource", "Engine\Modules\Resource\Resource.vcxproj", "{BFD70EB7-B841-46D3-872F-E71BFBA95A58}"
	ProjectSection(ProjectDependencies) = postProject
		{B17B9116-AFA2-4D56-B791-C95F2F75214B} = {B17B9116-AFA2-4D56-B791-C95F2F75214B}
	EndProjectSection
EndProject
Project("{8BC9CEB8-8B4A-11D0-8D11-00A0C91BC942}") = "BulletPhysics", "Engine\Systems\BulletPhysics\BulletPhysics.vcxproj", "{9DF93F16-3856-42F0-BF63-CB9162E1F467}"
	ProjectSection(ProjectDependencies) = postProject
		{B17B9116-AFA2-4D56-B791-C95F2F75214B} = {B17B9116-AFA2-4D56-B791-C95F2F75214B}
		{C257E175-629A-42F3-A52A-CEC2D0DBBCF2} = {C257E175-629A-42F3-A52A-CEC2D0DBBCF2}
		{BFD70EB7-B841-46D3-872F-E71BFBA95A58} = {BFD70EB7-B841-46D3-872F-E71BFBA95A58}
	EndProjectSection
EndProject
Project("{8BC9CEB8-8B4A-11D0-8D11-00A0C91BC942}") = "GLRender", "Engine\Systems\GLRender\GLRender.vcxproj", "{D3DE9FCC-C429-4E36-A88E-DAC1004F1944}"
	ProjectSection(ProjectDependencies) = postProject
		{B17B9116-AFA2-4D56-B791-C95F2F75214B} = {B17B9116-AFA2-4D56-B791-C95F2F75214B}
		{C257E175-629A-42F3-A52A-CEC2D0DBBCF2} = {C257E175-629A-42F3-A52A-CEC2D0DBBCF2}
		{BFD70EB7-B841-46D3-872F-E71BFBA95A58} = {BFD70EB7-B841-46D3-872F-E71BFBA95A58}
	EndProjectSection
EndProject
Project("{8BC9CEB8-8B4A-11D0-8D11-00A0C91BC942}") = "Client", "Engine\Runtimes\Client\Client.vcxproj", "{006360EA-43D5-4C0F-87E2-86DB46E096E2}"
	ProjectSection(ProjectDependencies) = postProject
		{9DF93F16-3856-42F0-BF63-CB9162E1F467} = {9DF93F16-3856-42F0-BF63-CB9162E1F467}
		{B17B9116-AFA2-4D56-B791-C95F2F75214B} = {B17B9116-AFA2-4D56-B791-C95F2F75214B}
		{C257E175-629A-42F3-A52A-CEC2D0DBBCF2} = {C257E175-629A-42F3-A52A-CEC2D0DBBCF2}
		{BFD70EB7-B841-46D3-872F-E71BFBA95A58} = {BFD70EB7-B841-46D3-872F-E71BFBA95A58}
		{D3DE9FCC-C429-4E36-A88E-DAC1004F1944} = {D3DE9FCC-C429-4E36-A88E-DAC1004F1944}
	EndProjectSection
EndProject
Project("{2150E333-8FDC-42A3-9474-1A3956D46DE8}") = "Systems", "Systems", "{36D0E111-142B-4278-A6D6-EF65CF92C70F}"
EndProject
Project("{2150E333-8FDC-42A3-9474-1A3956D46DE8}") = "Modules", "Modules", "{744D68AA-ADA1-4A30-948E-221CEDC022B8}"
EndProject
Project("{2150E333-8FDC-42A3-9474-1A3956D46DE8}") = "Runtimes", "Runtimes", "{AA0A58C7-9D36-4F25-9B23-3BAAD388CE9F}"
EndProject
Global
	GlobalSection(SolutionConfigurationPlatforms) = preSolution
		Debug|x64 = Debug|x64
		Debug|x86 = Debug|x86
		Release|x64 = Release|x64
		Release|x86 = Release|x86
	EndGlobalSection
	GlobalSection(ProjectConfigurationPlatforms) = postSolution
		{D4385DDA-6578-4259-A35A-0A2D9C746E72}.Debug|x64.ActiveCfg = Debug|x64
		{D4385DDA-6578-4259-A35A-0A2D9C746E72}.Debug|x64.Build.0 = Debug|x64
		{D4385DDA-6578-4259-A35A-0A2D9C746E72}.Debug|x86.ActiveCfg = Debug|Win32
		{D4385DDA-6578-4259-A35A-0A2D9C746E72}.Debug|x86.Build.0 = Debug|Win32
		{D4385DDA-6578-4259-A35A-0A2D9C746E72}.Release|x64.ActiveCfg = Release|x64
		{D4385DDA-6578-4259-A35A-0A2D9C746E72}.Release|x64.Build.0 = Release|x64
		{D4385DDA-6578-4259-A35A-0A2D9C746E72}.Release|x86.ActiveCfg = Release|Win32
		{D4385DDA-6578-4259-A35A-0A2D9C746E72}.Release|x86.Build.0 = Release|Win32
		{C257E175-629A-42F3-A52A-CEC2D0DBBCF2}.Debug|x64.ActiveCfg = Debug|x64
		{C257E175-629A-42F3-A52A-CEC2D0DBBCF2}.Debug|x64.Build.0 = Debug|x64
		{C257E175-629A-42F3-A52A-CEC2D0DBBCF2}.Debug|x86.ActiveCfg = Debug|Win32
		{C257E175-629A-42F3-A52A-CEC2D0DBBCF2}.Debug|x86.Build.0 = Debug|Win32
		{C257E175-629A-42F3-A52A-CEC2D0DBBCF2}.Release|x64.ActiveCfg = Release|x64
		{C257E175-629A-42F3-A52A-CEC2D0DBBCF2}.Release|x64.Build.0 = Release|x64
		{C257E175-629A-42F3-A52A-CEC2D0DBBCF2}.Release|x86.ActiveCfg = Release|Win32
		{C257E175-629A-42F3-A52A-CEC2D0DBBCF2}.Release|x86.Build.0 = Release|Win32
		{B17B9116-AFA2-4D56-B791-C95F2F75214B}.Debug|x64.ActiveCfg = Debug|x64
		{B17B9116-AFA2-4D56-B791-C95F2F75214B}.Debug|x64.Build.0 = Debug|x64
		{B17B9116-AFA2-4D56-B791-C95F2F75214B}.Debug|x86.ActiveCfg = Debug|Win32
		{B17B9116-AFA2-4D56-B791-C95F2F75214B}.Debug|x86.Build.0 = Debug|Win32
		{B17B9116-AFA2-4D56-B791-C95F2F75214B}.Release|x64.ActiveCfg = Release|x64
		{B17B9116-AFA2-4D56-B791-C95F2F75214B}.Release|x64.Build.0 = Release|x64
		{B17B9116-AFA2-4D56-B791-C95F2F75214B}.Release|x86.ActiveCfg = Release|Win32
		{B17B9116-AFA2-4D56-B791-C95F2F75214B}.Release|x86.Build.0 = Release|Win32
		{BFD70EB7-B841-46D3-872F-E71BFBA95A58}.Debug|x64.ActiveCfg = Debug|x64
		{BFD70EB7-B841-46D3-872F-E71BFBA95A58}.Debug|x64.Build.0 = Debug|x64
		{BFD70EB7-B841-46D3-872F-E71BFBA95A58}.Debug|x86.ActiveCfg = Debug|Win32
		{BFD70EB7-B841-46D3-872F-E71BFBA95A58}.Debug|x86.Build.0 = Debug|Win32
		{BFD70EB7-B841-46D3-872F-E71BFBA95A58}.Release|x64.ActiveCfg = Release|x64
		{BFD70EB7-B841-46D3-872F-E71BFBA95A58}.Release|x64.Build.0 = Release|x64
		{BFD70EB7-B841-46D3-872F-E71BFBA95A58}.Release|x86.ActiveCfg = Release|Win32
		{BFD70EB7-B841-46D3-872F-E71BFBA95A58}.Release|x86.Build.0 = Release|Win32
		{9DF93F16-3856-42F0-BF63-CB9162E1F467}.Debug|x64.ActiveCfg = Debug|x64
		{9DF93F16-3856-42F0-BF63-CB9162E1F467}.Debug|x64.Build.0 = Debug|x64
		{9DF93F16-3856-42F0-BF63-CB9162E1F467}.Debug|x86.ActiveCfg = Debug|Win32
		{9DF93F16-3856-42F0-BF63-CB9162E1F467}.Debug|x86.Build.0 = Debug|Win32
		{9DF93F16-3856-42F0-BF63-CB9162E1F467}.Release|x64.ActiveCfg = Release|x64
		{9DF93F16-3856-42F0-BF63-CB9162E1F467}.Release|x64.Build.0 = Release|x64
		{9DF93F16-3856-42F0-BF63-CB9162E1F467}.Release|x86.ActiveCfg = Release|Win32
		{9DF93F16-3856-42F0-BF63-CB9162E1F467}.Release|x86.Build.0 = Release|Win32
		{D3DE9FCC-C429-4E36-A88E-DAC1004F1944}.Debug|x64.ActiveCfg = Debug|x64
		{D3DE9FCC-C429-4E36-A88E-DAC1004F1944}.Debug|x64.Build.0 = Debug|x64
		{D3DE9FCC-C429-4E36-A88E-DAC1004F1944}.Debug|x86.ActiveCfg = Debug|Win32
		{D3DE9FCC-C429-4E36-A88E-DAC1004F1944}.Debug|x86.Build.0 = Debug|Win32
		{D3DE9FCC-C429-4E36-A88E-DAC1004F1944}.Release|x64.ActiveCfg = Release|x64
		{D3DE9FCC-C429-4E36-A88E-DAC1004F1944}.Release|x64.Build.0 = Release|x64
		{D3DE9FCC-C429-4E36-A88E-DAC1004F1944}.Release|x86.ActiveCfg = Release|Win32
		{D3DE9FCC-C429-4E36-A88E-DAC1004F1944}.Release|x86.Build.0 = Release|Win32
		{006360EA-43D5-4C0F-87E2-86DB46E096E2}.Debug|x64.ActiveCfg = Debug|x64
		{006360EA-43D5-4C0F-87E2-86DB46E096E2}.Debug|x64.Build.0 = Debug|x64
		{006360EA-43D5-4C0F-87E2-86DB46E096E2}.Debug|x86.ActiveCfg = Debug|Win32
		{006360EA-43D5-4C0F-87E2-86DB46E096E2}.Debug|x86.Build.0 = Debug|Win32
		{006360EA-43D5-4C0F-87E2-86DB46E096E2}.Release|x64.ActiveCfg = Release|x64
		{006360EA-43D5-4C0F-87E2-86DB46E096E2}.Release|x64.Build.0 = Release|x64
		{006360EA-43D5-4C0F-87E2-86DB46E096E2}.Release|x86.ActiveCfg = Release|Win32
		{006360EA-43D5-4C0F-87E2-86DB46E096E2}.Release|x86.Build.0 = Release|Win32
	EndGlobalSection
	GlobalSection(SolutionProperties) = preSolution
		HideSolutionNode = FALSE
	EndGlobalSection
	GlobalSection(NestedProjects) = preSolution
		{C257E175-629A-42F3-A52A-CEC2D0DBBCF2} = {744D68AA-ADA1-4A30-948E-221CEDC022B8}
		{B17B9116-AFA2-4D56-B791-C95F2F75214B} = {744D68AA-ADA1-4A30-948E-221CEDC022B8}
		{BFD70EB7-B841-46D3-872F-E71BFBA95A58} = {744D68AA-ADA1-4A30-948E-221CEDC022B8}
		{9DF93F16-3856-42F0-BF63-CB9162E1F467} = {36D0E111-142B-4278-A6D6-EF65CF92C70F}
		{D3DE9FCC-C429-4E36-A88E-DAC1004F1944} = {36D0E111-142B-4278-A6D6-EF65CF92C70F}
		{006360EA-43D5-4C0F-87E2-86DB46E096E2} = {AA0A58C7-9D36-4F25-9B23-3BAAD388CE9F}
		{36D0E111-142B-4278-A6D6-EF65CF92C70F} = {0277B933-F869-4E10-9DCC-9A68B753C0B5}
		{744D68AA-ADA1-4A30-948E-221CEDC022B8} = {0277B933-F869-4E10-9DCC-9A68B753C0B5}
		{AA0A58C7-9D36-4F25-9B23-3BAAD388CE9F} = {0277B933-F869-4E10-9DCC-9A68B753C0B5}
	EndGlobalSection
EndGlobal
